{
  "name": "@routerating/stencil-styled-components",
  "version": "1.4.0",
  "lockfileVersion": 1,
  "requires": true,
  "dependencies": {
    "@stencil/core": {
      "version": "1.15.0",
      "resolved": "https://registry.npmjs.org/@stencil/core/-/core-1.15.0.tgz",
      "integrity": "sha512-aWTagMDQtKTyNFCpAC98mYRDGDEp6ZfIuEO11RUxha2lqwwVjsXsn9HChr8k3XVPszb9azbmLoWrjT7b+2OKog==",
      "requires": {
        "typescript": "3.9.5"
      }
    },
    "typescript": {
      "version": "3.9.5",
      "resolved": "https://registry.npmjs.org/typescript/-/typescript-3.9.5.tgz",
      "integrity": "sha512-hSAifV3k+i6lEoCJ2k6R2Z/rp/H3+8sdmcn5NrS3/3kE7+RyZXm9aqvxWqjEXHAd8b0pShatpcdMTvEdvAJltQ=="
    }
  }
}
